PODS:
  - Flutter (1.0.0)
  - native_textfield_sample (0.0.1):
    - Flutter

DEPENDENCIES:
  - Flutter (from `Flutter`)
  - native_textfield_sample (from `.symlinks/plugins/native_textfield_sample/ios`)

EXTERNAL SOURCES:
  Flutter:
    :path: Flutter
  native_textfield_sample:
    :path: ".symlinks/plugins/native_textfield_sample/ios"

SPEC CHECKSUMS:
  Flutter: 434fef37c0980e73bb6479ef766c45957d4b510c
  native_textfield_sample: 3d29e3537f840cf2af3748765682f557cfe5898e

PODFILE CHECKSUM: aafe91acc616949ddb318b77800a7f51bffa2a4c

COCOAPODS: 1.10.0
